<?xml version="1.0" encoding="utf-8"?>
<Project ToolsVersion="4.0" xmlns="http://schemas.microsoft.com/developer/msbuild/2003">
  <ItemGroup>
    <ClCompile Include="$(C74SUPPORT)\max-includes\common\dllmain_win.c" />
    <ClCompile Include="$(ProjectName).c" />
  </ItemGroup>
  <ItemGroup>
    <Filter Include="Dokumentationen">
      <UniqueIdentifier>{01c6dbe3-84b8-41ec-a3c1-d5ccfe198a8e}</UniqueIdentifier>
    </Filter>
  </ItemGroup>
  <ItemGroup>
    <Text Include="hints.txt">
      <Filter>Dokumentationen</Filter>
    </Text>
    <Text Include="hardsid.dll how to.txt">
      <Filter>Dokumentationen</Filter>
    </Text>
    <Text Include="versions_history.txt">
      <Filter>Dokumentationen</Filter>
    </Text>
  </ItemGroup>
  <ItemGroup>
    <ClInclude Include="SID.h" />
  </ItemGroup>
</Project>